// !$*UTF8*$!
{
	archiveVersion = 1;
	classes = {
	};
	objectVersion = 55;
	objects = {

/* Begin PBXBuildFile section */
		9316981138451F2F2EE38701 /* Pods_PhotoGallary.framework in Frameworks */ = {isa = PBXBuildFile; fileRef = BDACACBC253C61EF19BE9003 /* Pods_PhotoGallary.framework */; };
		B13EAFE12830F8E5009C4CCE /* AlertModel.swift in Sources */ = {isa = PBXBuildFile; fileRef = B13EAFE02830F8E5009C4CCE /* AlertModel.swift */; };
		B13EAFE32830F9EE009C4CCE /* UIViewController+Alerts.swift in Sources */ = {isa = PBXBuildFile; fileRef = B13EAFE22830F9EE009C4CCE /* UIViewController+Alerts.swift */; };
		B13EB00E2831874B009C4CCE /* UICollectionView+Moving.swift in Sources */ = {isa = PBXBuildFile; fileRef = B13EB00D2831874B009C4CCE /* UICollectionView+Moving.swift */; };
		B13EB0112832AA32009C4CCE /* CollectionViewInginiteScroll.swift in Sources */ = {isa = PBXBuildFile; fileRef = B13EB0102832AA32009C4CCE /* CollectionViewInginiteScroll.swift */; };
		B13EB0412832E8F6009C4CCE /* UIImage+Cropping.swift in Sources */ = {isa = PBXBuildFile; fileRef = B13EB0402832E8F6009C4CCE /* UIImage+Cropping.swift */; };
		B1B0229F28304A200061151C /* CacheManager.swift in Sources */ = {isa = PBXBuildFile; fileRef = B1B0229E28304A200061151C /* CacheManager.swift */; };
		B1B5CE0D282EE508000A2E82 /* NetworkModel.swift in Sources */ = {isa = PBXBuildFile; fileRef = B1B5CE0C282EE508000A2E82 /* NetworkModel.swift */; };
		B1B5CE0F282EF621000A2E82 /* Credit.swift in Sources */ = {isa = PBXBuildFile; fileRef = B1B5CE0E282EF621000A2E82 /* Credit.swift */; };
		B1B5CE132830159C000A2E82 /* UIView+AddingViews.swift in Sources */ = {isa = PBXBuildFile; fileRef = B1B5CE122830159C000A2E82 /* UIView+AddingViews.swift */; };
		B1B6FFA9282EA26F00FC83EE /* AppDelegate.swift in Sources */ = {isa = PBXBuildFile; fileRef = B1B6FFA8282EA26F00FC83EE /* AppDelegate.swift */; };
		B1B6FFB2282EA27200FC83EE /* Assets.xcassets in Resources */ = {isa = PBXBuildFile; fileRef = B1B6FFB1282EA27200FC83EE /* Assets.xcassets */; };
		B1B6FFB5282EA27200FC83EE /* LaunchScreen.storyboard in Resources */ = {isa = PBXBuildFile; fileRef = B1B6FFB3282EA27200FC83EE /* LaunchScreen.storyboard */; };
		B1B6FFC2282EACB300FC83EE /* PhotoGallaryPresenter.swift in Sources */ = {isa = PBXBuildFile; fileRef = B1B6FFBF282EACB300FC83EE /* PhotoGallaryPresenter.swift */; };
		B1B6FFC3282EACB300FC83EE /* PhotoGallaryViewController.swift in Sources */ = {isa = PBXBuildFile; fileRef = B1B6FFC0282EACB300FC83EE /* PhotoGallaryViewController.swift */; };
		B1B6FFC4282EACB300FC83EE /* PhotoGallaryBuilder.swift in Sources */ = {isa = PBXBuildFile; fileRef = B1B6FFC1282EACB300FC83EE /* PhotoGallaryBuilder.swift */; };
		B1B6FFC7282EAD6E00FC83EE /* Settings.swift in Sources */ = {isa = PBXBuildFile; fileRef = B1B6FFC6282EAD6E00FC83EE /* Settings.swift */; };
		B1B6FFC9282EADE000FC83EE /* NetworkManager.swift in Sources */ = {isa = PBXBuildFile; fileRef = B1B6FFC8282EADE000FC83EE /* NetworkManager.swift */; };
		B1B6FFCE282EB58400FC83EE /* PhotoGallaryCollectionViewCell.swift in Sources */ = {isa = PBXBuildFile; fileRef = B1B6FFCD282EB58400FC83EE /* PhotoGallaryCollectionViewCell.swift */; };
		B1B6FFD0282EBD8400FC83EE /* PhotoGallaryCellModel.swift in Sources */ = {isa = PBXBuildFile; fileRef = B1B6FFCF282EBD8400FC83EE /* PhotoGallaryCellModel.swift */; };
/* End PBXBuildFile section */

/* Begin PBXFileReference section */
		57322954561101B267E9EDC8 /* Pods-PhotoGallary.release.xcconfig */ = {isa = PBXFileReference; includeInIndex = 1; lastKnownFileType = text.xcconfig; name = "Pods-PhotoGallary.release.xcconfig"; path = "Target Support Files/Pods-PhotoGallary/Pods-PhotoGallary.release.xcconfig"; sourceTree = "<group>"; };
		74BE63A13F3D032FD5ABC4E3 /* Pods-PhotoGallary.debug.xcconfig */ = {isa = PBXFileReference; includeInIndex = 1; lastKnownFileType = text.xcconfig; name = "Pods-PhotoGallary.debug.xcconfig"; path = "Target Support Files/Pods-PhotoGallary/Pods-PhotoGallary.debug.xcconfig"; sourceTree = "<group>"; };
		B13EAFE02830F8E5009C4CCE /* AlertModel.swift */ = {isa = PBXFileReference; lastKnownFileType = sourcecode.swift; path = AlertModel.swift; sourceTree = "<group>"; };
		B13EAFE22830F9EE009C4CCE /* UIViewController+Alerts.swift */ = {isa = PBXFileReference; lastKnownFileType = sourcecode.swift; path = "UIViewController+Alerts.swift"; sourceTree = "<group>"; };
		B13EB00D2831874B009C4CCE /* UICollectionView+Moving.swift */ = {isa = PBXFileReference; lastKnownFileType = sourcecode.swift; path = "UICollectionView+Moving.swift"; sourceTree = "<group>"; };
		B13EB0102832AA32009C4CCE /* CollectionViewInginiteScroll.swift */ = {isa = PBXFileReference; lastKnownFileType = sourcecode.swift; path = CollectionViewInginiteScroll.swift; sourceTree = "<group>"; };
		B13EB0402832E8F6009C4CCE /* UIImage+Cropping.swift */ = {isa = PBXFileReference; lastKnownFileType = sourcecode.swift; path = "UIImage+Cropping.swift"; sourceTree = "<group>"; };
		B1B0229E28304A200061151C /* CacheManager.swift */ = {isa = PBXFileReference; lastKnownFileType = sourcecode.swift; path = CacheManager.swift; sourceTree = "<group>"; };
		B1B5CE0C282EE508000A2E82 /* NetworkModel.swift */ = {isa = PBXFileReference; lastKnownFileType = sourcecode.swift; path = NetworkModel.swift; sourceTree = "<group>"; };
		B1B5CE0E282EF621000A2E82 /* Credit.swift */ = {isa = PBXFileReference; lastKnownFileType = sourcecode.swift; path = Credit.swift; sourceTree = "<group>"; };
		B1B5CE122830159C000A2E82 /* UIView+AddingViews.swift */ = {isa = PBXFileReference; lastKnownFileType = sourcecode.swift; path = "UIView+AddingViews.swift"; sourceTree = "<group>"; };
		B1B6FFA5282EA26F00FC83EE /* PhotoGallary.app */ = {isa = PBXFileReference; explicitFileType = wrapper.application; includeInIndex = 0; path = PhotoGallary.app; sourceTree = BUILT_PRODUCTS_DIR; };
		B1B6FFA8282EA26F00FC83EE /* AppDelegate.swift */ = {isa = PBXFileReference; lastKnownFileType = sourcecode.swift; path = AppDelegate.swift; sourceTree = "<group>"; };
		B1B6FFB1282EA27200FC83EE /* Assets.xcassets */ = {isa = PBXFileReference; lastKnownFileType = folder.assetcatalog; path = Assets.xcassets; sourceTree = "<group>"; };
		B1B6FFB4282EA27200FC83EE /* Base */ = {isa = PBXFileReference; lastKnownFileType = file.storyboard; name = Base; path = Base.lproj/LaunchScreen.storyboard; sourceTree = "<group>"; };
		B1B6FFB6282EA27200FC83EE /* Info.plist */ = {isa = PBXFileReference; lastKnownFileType = text.plist.xml; path = Info.plist; sourceTree = "<group>"; };
		B1B6FFBF282EACB300FC83EE /* PhotoGallaryPresenter.swift */ = {isa = PBXFileReference; lastKnownFileType = sourcecode.swift; path = PhotoGallaryPresenter.swift; sourceTree = "<group>"; };
		B1B6FFC0282EACB300FC83EE /* PhotoGallaryViewController.swift */ = {isa = PBXFileReference; lastKnownFileType = sourcecode.swift; path = PhotoGallaryViewController.swift; sourceTree = "<group>"; };
		B1B6FFC1282EACB300FC83EE /* PhotoGallaryBuilder.swift */ = {isa = PBXFileReference; lastKnownFileType = sourcecode.swift; path = PhotoGallaryBuilder.swift; sourceTree = "<group>"; };
		B1B6FFC6282EAD6E00FC83EE /* Settings.swift */ = {isa = PBXFileReference; lastKnownFileType = sourcecode.swift; path = Settings.swift; sourceTree = "<group>"; };
		B1B6FFC8282EADE000FC83EE /* NetworkManager.swift */ = {isa = PBXFileReference; lastKnownFileType = sourcecode.swift; path = NetworkManager.swift; sourceTree = "<group>"; };
		B1B6FFCD282EB58400FC83EE /* PhotoGallaryCollectionViewCell.swift */ = {isa = PBXFileReference; lastKnownFileType = sourcecode.swift; path = PhotoGallaryCollectionViewCell.swift; sourceTree = "<group>"; };
		B1B6FFCF282EBD8400FC83EE /* PhotoGallaryCellModel.swift */ = {isa = PBXFileReference; lastKnownFileType = sourcecode.swift; path = PhotoGallaryCellModel.swift; sourceTree = "<group>"; };
		BDACACBC253C61EF19BE9003 /* Pods_PhotoGallary.framework */ = {isa = PBXFileReference; explicitFileType = wrapper.framework; includeInIndex = 0; path = Pods_PhotoGallary.framework; sourceTree = BUILT_PRODUCTS_DIR; };
/* End PBXFileReference section */

/* Begin PBXFrameworksBuildPhase section */
		B1B6FFA2282EA26F00FC83EE /* Frameworks */ = {
			isa = PBXFrameworksBuildPhase;
			buildActionMask = 2147483647;
			files = (
				9316981138451F2F2EE38701 /* Pods_PhotoGallary.framework in Frameworks */,
			);
			runOnlyForDeploymentPostprocessing = 0;
		};
/* End PBXFrameworksBuildPhase section */

/* Begin PBXGroup section */
		49BC095FD78D80AC37ECF727 /* Frameworks */ = {
			isa = PBXGroup;
			children = (
				BDACACBC253C61EF19BE9003 /* Pods_PhotoGallary.framework */,
			);
			name = Frameworks;
			sourceTree = "<group>";
		};
		B13EAFDE2830F8CB009C4CCE /* AlertManager */ = {
			isa = PBXGroup;
			children = (
				B13EAFDF2830F8D3009C4CCE /* model */,
				B13EAFE22830F9EE009C4CCE /* UIViewController+Alerts.swift */,
			);
			path = AlertManager;
			sourceTree = "<group>";
		};
		B13EAFDF2830F8D3009C4CCE /* model */ = {
			isa = PBXGroup;
			children = (
				B13EAFE02830F8E5009C4CCE /* AlertModel.swift */,
			);
			path = model;
			sourceTree = "<group>";
		};
		B1B022A02830591B0061151C /* LaunchScreen */ = {
			isa = PBXGroup;
			children = (
				B1B6FFB3282EA27200FC83EE /* LaunchScreen.storyboard */,
			);
			path = LaunchScreen;
			sourceTree = "<group>";
		};
		B1B022A12830598B0061151C /* app */ = {
			isa = PBXGroup;
			children = (
				B1B6FFA8282EA26F00FC83EE /* AppDelegate.swift */,
			);
			path = app;
			sourceTree = "<group>";
		};
		B1B022A22830599A0061151C /* helpers */ = {
			isa = PBXGroup;
			children = (
				B13EB0102832AA32009C4CCE /* CollectionViewInginiteScroll.swift */,
				B1B5CE122830159C000A2E82 /* UIView+AddingViews.swift */,
				B13EB00D2831874B009C4CCE /* UICollectionView+Moving.swift */,
				B13EB0402832E8F6009C4CCE /* UIImage+Cropping.swift */,
			);
			path = helpers;
			sourceTree = "<group>";
		};
		B1B6FF9C282EA26F00FC83EE = {
			isa = PBXGroup;
			children = (
				B1B6FFA7282EA26F00FC83EE /* PhotoGallary */,
				B1B6FFA6282EA26F00FC83EE /* Products */,
				E0A0FF035E319FB98546150B /* Pods */,
				49BC095FD78D80AC37ECF727 /* Frameworks */,
			);
			sourceTree = "<group>";
		};
		B1B6FFA6282EA26F00FC83EE /* Products */ = {
			isa = PBXGroup;
			children = (
				B1B6FFA5282EA26F00FC83EE /* PhotoGallary.app */,
			);
			name = Products;
			sourceTree = "<group>";
		};
		B1B6FFA7282EA26F00FC83EE /* PhotoGallary */ = {
			isa = PBXGroup;
			children = (
				B1B6FFBC282EAC5800FC83EE /* screens */,
				B1B6FFBE282EAC6E00FC83EE /* managers */,
				B1B022A22830599A0061151C /* helpers */,
				B1B022A12830598B0061151C /* app */,
				B1B6FFBD282EAC6300FC83EE /* res */,
				B1B6FFB6282EA27200FC83EE /* Info.plist */,
			);
			path = PhotoGallary;
			sourceTree = "<group>";
		};
		B1B6FFBC282EAC5800FC83EE /* screens */ = {
			isa = PBXGroup;
			children = (
				B1B6FFC5282EACCA00FC83EE /* PhotoGallary */,
				B1B022A02830591B0061151C /* LaunchScreen */,
			);
			path = screens;
			sourceTree = "<group>";
		};
		B1B6FFBD282EAC6300FC83EE /* res */ = {
			isa = PBXGroup;
			children = (
				B1B6FFB1282EA27200FC83EE /* Assets.xcassets */,
				B1B6FFC6282EAD6E00FC83EE /* Settings.swift */,
			);
			path = res;
			sourceTree = "<group>";
		};
		B1B6FFBE282EAC6E00FC83EE /* managers */ = {
			isa = PBXGroup;
			children = (
				B13EAFDE2830F8CB009C4CCE /* AlertManager */,
				B1B6FFC8282EADE000FC83EE /* NetworkManager.swift */,
				B1B0229E28304A200061151C /* CacheManager.swift */,
			);
			path = managers;
			sourceTree = "<group>";
		};
		B1B6FFC5282EACCA00FC83EE /* PhotoGallary */ = {
			isa = PBXGroup;
			children = (
				B1B6FFCA282EAE7600FC83EE /* Models */,
				B1B6FFCB282EAE7B00FC83EE /* NetworkModel */,
				B1B6FFCC282EB53F00FC83EE /* PhotoGallaryViewCell */,
				B1B6FFBF282EACB300FC83EE /* PhotoGallaryPresenter.swift */,
				B1B6FFC0282EACB300FC83EE /* PhotoGallaryViewController.swift */,
				B1B6FFC1282EACB300FC83EE /* PhotoGallaryBuilder.swift */,
			);
			path = PhotoGallary;
			sourceTree = "<group>";
		};
		B1B6FFCA282EAE7600FC83EE /* Models */ = {
			isa = PBXGroup;
			children = (
				B1B6FFCF282EBD8400FC83EE /* PhotoGallaryCellModel.swift */,
				B1B5CE0E282EF621000A2E82 /* Credit.swift */,
			);
			path = Models;
			sourceTree = "<group>";
		};
		B1B6FFCB282EAE7B00FC83EE /* NetworkModel */ = {
			isa = PBXGroup;
			children = (
				B1B5CE0C282EE508000A2E82 /* NetworkModel.swift */,
			);
			path = NetworkModel;
			sourceTree = "<group>";
		};
		B1B6FFCC282EB53F00FC83EE /* PhotoGallaryViewCell */ = {
			isa = PBXGroup;
			children = (
				B1B6FFCD282EB58400FC83EE /* PhotoGallaryCollectionViewCell.swift */,
			);
			path = PhotoGallaryViewCell;
			sourceTree = "<group>";
		};
		E0A0FF035E319FB98546150B /* Pods */ = {
			isa = PBXGroup;
			children = (
				74BE63A13F3D032FD5ABC4E3 /* Pods-PhotoGallary.debug.xcconfig */,
				57322954561101B267E9EDC8 /* Pods-PhotoGallary.release.xcconfig */,
			);
			path = Pods;
			sourceTree = "<group>";
		};
/* End PBXGroup section */

/* Begin PBXNativeTarget section */
		B1B6FFA4282EA26F00FC83EE /* PhotoGallary */ = {
			isa = PBXNativeTarget;
			buildConfigurationList = B1B6FFB9282EA27200FC83EE /* Build configuration list for PBXNativeTarget "PhotoGallary" */;
			buildPhases = (
				15D135F9EB82511C8A760392 /* [CP] Check Pods Manifest.lock */,
				B1B6FFA1282EA26F00FC83EE /* Sources */,
				B1B6FFA2282EA26F00FC83EE /* Frameworks */,
				B1B6FFA3282EA26F00FC83EE /* Resources */,
				CFD90685B2F8E3BA6BE5BD45 /* [CP] Embed Pods Frameworks */,
			);
			buildRules = (
			);
			dependencies = (
			);
			name = PhotoGallary;
			productName = PhotoGallary;
			productReference = B1B6FFA5282EA26F00FC83EE /* PhotoGallary.app */;
			productType = "com.apple.product-type.application";
		};
/* End PBXNativeTarget section */

/* Begin PBXProject section */
		B1B6FF9D282EA26F00FC83EE /* Project object */ = {
			isa = PBXProject;
			attributes = {
				BuildIndependentTargetsInParallel = 1;
				LastSwiftUpdateCheck = 1330;
				LastUpgradeCheck = 1330;
				TargetAttributes = {
					B1B6FFA4282EA26F00FC83EE = {
						CreatedOnToolsVersion = 13.3;
					};
				};
			};
			buildConfigurationList = B1B6FFA0282EA26F00FC83EE /* Build configuration list for PBXProject "PhotoGallary" */;
			compatibilityVersion = "Xcode 13.0";
			developmentRegion = en;
			hasScannedForEncodings = 0;
			knownRegions = (
				en,
				Base,
			);
			mainGroup = B1B6FF9C282EA26F00FC83EE;
			productRefGroup = B1B6FFA6282EA26F00FC83EE /* Products */;
			projectDirPath = "";
			projectRoot = "";
			targets = (
				B1B6FFA4282EA26F00FC83EE /* PhotoGallary */,
			);
		};
/* End PBXProject section */

/* Begin PBXResourcesBuildPhase section */
		B1B6FFA3282EA26F00FC83EE /* Resources */ = {
			isa = PBXResourcesBuildPhase;
			buildActionMask = 2147483647;
			files = (
				B1B6FFB5282EA27200FC83EE /* LaunchScreen.storyboard in Resources */,
				B1B6FFB2282EA27200FC83EE /* Assets.xcassets in Resources */,
			);
			runOnlyForDeploymentPostprocessing = 0;
		};
/* End PBXResourcesBuildPhase section */

/* Begin PBXShellScriptBuildPhase section */
		15D135F9EB82511C8A760392 /* [CP] Check Pods Manifest.lock */ = {
			isa = PBXShellScriptBuildPhase;
			buildActionMask = 2147483647;
			files = (
			);
			inputFileListPaths = (
			);
			inputPaths = (
				"${PODS_PODFILE_DIR_PATH}/Podfile.lock",
				"${PODS_ROOT}/Manifest.lock",
			);
			name = "[CP] Check Pods Manifest.lock";
			outputFileListPaths = (
			);
			outputPaths = (
				"$(DERIVED_FILE_DIR)/Pods-PhotoGallary-checkManifestLockResult.txt",
			);
			runOnlyForDeploymentPostprocessing = 0;
			shellPath = /bin/sh;
			shellScript = "diff \"${PODS_PODFILE_DIR_PATH}/Podfile.lock\" \"${PODS_ROOT}/Manifest.lock\" > /dev/null\nif [ $? != 0 ] ; then\n    # print error to STDERR\n    echo \"error: The sandbox is not in sync with the Podfile.lock. Run 'pod install' or update your CocoaPods installation.\" >&2\n    exit 1\nfi\n# This output is used by Xcode 'outputs' to avoid re-running this script phase.\necho \"SUCCESS\" > \"${SCRIPT_OUTPUT_FILE_0}\"\n";
			showEnvVarsInLog = 0;
		};
		CFD90685B2F8E3BA6BE5BD45 /* [CP] Embed Pods Frameworks */ = {
			isa = PBXShellScriptBuildPhase;
			buildActionMask = 2147483647;
			files = (
			);
			inputFileListPaths = (
				"${PODS_ROOT}/Target Support Files/Pods-PhotoGallary/Pods-PhotoGallary-frameworks-${CONFIGURATION}-input-files.xcfilelist",
			);
			name = "[CP] Embed Pods Frameworks";
			outputFileListPaths = (
				"${PODS_ROOT}/Target Support Files/Pods-PhotoGallary/Pods-PhotoGallary-frameworks-${CONFIGURATION}-output-files.xcfilelist",
			);
			runOnlyForDeploymentPostprocessing = 0;
			shellPath = /bin/sh;
			shellScript = "\"${PODS_ROOT}/Target Support Files/Pods-PhotoGallary/Pods-PhotoGallary-frameworks.sh\"\n";
			showEnvVarsInLog = 0;
		};
/* End PBXShellScriptBuildPhase section */

/* Begin PBXSourcesBuildPhase section */
		B1B6FFA1282EA26F00FC83EE /* Sources */ = {
			isa = PBXSourcesBuildPhase;
			buildActionMask = 2147483647;
			files = (
				B1B5CE132830159C000A2E82 /* UIView+AddingViews.swift in Sources */,
				B1B6FFC9282EADE000FC83EE /* NetworkManager.swift in Sources */,
				B1B6FFC3282EACB300FC83EE /* PhotoGallaryViewController.swift in Sources */,
				B1B6FFC2282EACB300FC83EE /* PhotoGallaryPresenter.swift in Sources */,
				B13EAFE12830F8E5009C4CCE /* AlertModel.swift in Sources */,
				B1B5CE0D282EE508000A2E82 /* NetworkModel.swift in Sources */,
				B1B5CE0F282EF621000A2E82 /* Credit.swift in Sources */,
				B1B0229F28304A200061151C /* CacheManager.swift in Sources */,
				B13EB00E2831874B009C4CCE /* UICollectionView+Moving.swift in Sources */,
				B13EB0412832E8F6009C4CCE /* UIImage+Cropping.swift in Sources */,
				B1B6FFA9282EA26F00FC83EE /* AppDelegate.swift in Sources */,
				B1B6FFCE282EB58400FC83EE /* PhotoGallaryCollectionViewCell.swift in Sources */,
				B1B6FFD0282EBD8400FC83EE /* PhotoGallaryCellModel.swift in Sources */,
				B13EB0112832AA32009C4CCE /* CollectionViewInginiteScroll.swift in Sources */,
				B1B6FFC4282EACB300FC83EE /* PhotoGallaryBuilder.swift in Sources */,
				B13EAFE32830F9EE009C4CCE /* UIViewController+Alerts.swift in Sources */,
				B1B6FFC7282EAD6E00FC83EE /* Settings.swift in Sources */,
			);
			runOnlyForDeploymentPostprocessing = 0;
		};
/* End PBXSourcesBuildPhase section */

/* Begin PBXVariantGroup section */
		B1B6FFB3282EA27200FC83EE /* LaunchScreen.storyboard */ = {
			isa = PBXVariantGroup;
			children = (
				B1B6FFB4282EA27200FC83EE /* Base */,
			);
			name = LaunchScreen.storyboard;
			sourceTree = "<group>";
		};
/* End PBXVariantGroup section */

/* Begin XCBuildConfiguration section */
		B1B6FFB7282EA27200FC83EE /* Debug */ = {
			isa = XCBuildConfiguration;
			buildSettings = {
				ALWAYS_SEARCH_USER_PATHS = NO;
				CLANG_ANALYZER_NONNULL = YES;
				CLANG_ANALYZER_NUMBER_OBJECT_CONVERSION = YES_AGGRESSIVE;
				CLANG_CXX_LANGUAGE_STANDARD = "gnu++17";
				CLANG_ENABLE_MODULES = YES;
				CLANG_ENABLE_OBJC_ARC = YES;
				CLANG_ENABLE_OBJC_WEAK = YES;
				CLANG_WARN_BLOCK_CAPTURE_AUTORELEASING = YES;
				CLANG_WARN_BOOL_CONVERSION = YES;
				CLANG_WARN_COMMA = YES;
				CLANG_WARN_CONSTANT_CONVERSION = YES;
				CLANG_WARN_DEPRECATED_OBJC_IMPLEMENTATIONS = YES;
				CLANG_WARN_DIRECT_OBJC_ISA_USAGE = YES_ERROR;
				CLANG_WARN_DOCUMENTATION_COMMENTS = YES;
				CLANG_WARN_EMPTY_BODY = YES;
				CLANG_WARN_ENUM_CONVERSION = YES;
				CLANG_WARN_INFINITE_RECURSION = YES;
				CLANG_WARN_INT_CONVERSION = YES;
				CLANG_WARN_NON_LITERAL_NULL_CONVERSION = YES;
				CLANG_WARN_OBJC_IMPLICIT_RETAIN_SELF = YES;
				CLANG_WARN_OBJC_LITERAL_CONVERSION = YES;
				CLANG_WARN_OBJC_ROOT_CLASS = YES_ERROR;
				CLANG_WARN_QUOTED_INCLUDE_IN_FRAMEWORK_HEADER = YES;
				CLANG_WARN_RANGE_LOOP_ANALYSIS = YES;
				CLANG_WARN_STRICT_PROTOTYPES = YES;
				CLANG_WARN_SUSPICIOUS_MOVE = YES;
				CLANG_WARN_UNGUARDED_AVAILABILITY = YES_AGGRESSIVE;
				CLANG_WARN_UNREACHABLE_CODE = YES;
				CLANG_WARN__DUPLICATE_METHOD_MATCH = YES;
				COPY_PHASE_STRIP = NO;
				DEBUG_INFORMATION_FORMAT = dwarf;
				ENABLE_STRICT_OBJC_MSGSEND = YES;
				ENABLE_TESTABILITY = YES;
				GCC_C_LANGUAGE_STANDARD = gnu11;
				GCC_DYNAMIC_NO_PIC = NO;
				GCC_NO_COMMON_BLOCKS = YES;
				GCC_OPTIMIZATION_LEVEL = 0;
				GCC_PREPROCESSOR_DEFINITIONS = (
					"DEBUG=1",
					"$(inherited)",
				);
				GCC_WARN_64_TO_32_BIT_CONVERSION = YES;
				GCC_WARN_ABOUT_RETURN_TYPE = YES_ERROR;
				GCC_WARN_UNDECLARED_SELECTOR = YES;
				GCC_WARN_UNINITIALIZED_AUTOS = YES_AGGRESSIVE;
				GCC_WARN_UNUSED_FUNCTION = YES;
				GCC_WARN_UNUSED_VARIABLE = YES;
				IPHONEOS_DEPLOYMENT_TARGET = 15.4;
				MTL_ENABLE_DEBUG_INFO = INCLUDE_SOURCE;
				MTL_FAST_MATH = YES;
				ONLY_ACTIVE_ARCH = YES;
				SDKROOT = iphoneos;
				SWIFT_ACTIVE_COMPILATION_CONDITIONS = DEBUG;
				SWIFT_OPTIMIZATION_LEVEL = "-Onone";
			};
			name = Debug;
		};
		B1B6FFB8282EA27200FC83EE /* Release */ = {
			isa = XCBuildConfiguration;
			buildSettings = {
				ALWAYS_SEARCH_USER_PATHS = NO;
				CLANG_ANALYZER_NONNULL = YES;
				CLANG_ANALYZER_NUMBER_OBJECT_CONVERSION = YES_AGGRESSIVE;
				CLANG_CXX_LANGUAGE_STANDARD = "gnu++17";
				CLANG_ENABLE_MODULES = YES;
				CLANG_ENABLE_OBJC_ARC = YES;
				CLANG_ENABLE_OBJC_WEAK = YES;
				CLANG_WARN_BLOCK_CAPTURE_AUTORELEASING = YES;
				CLANG_WARN_BOOL_CONVERSION = YES;
				CLANG_WARN_COMMA = YES;
				CLANG_WARN_CONSTANT_CONVERSION = YES;
				CLANG_WARN_DEPRECATED_OBJC_IMPLEMENTATIONS = YES;
				CLANG_WARN_DIRECT_OBJC_ISA_USAGE = YES_ERROR;
				CLANG_WARN_DOCUMENTATION_COMMENTS = YES;
				CLANG_WARN_EMPTY_BODY = YES;
				CLANG_WARN_ENUM_CONVERSION = YES;
				CLANG_WARN_INFINITE_RECURSION = YES;
				CLANG_WARN_INT_CONVERSION = YES;
				CLANG_WARN_NON_LITERAL_NULL_CONVERSION = YES;
				CLANG_WARN_OBJC_IMPLICIT_RETAIN_SELF = YES;
				CLANG_WARN_OBJC_LITERAL_CONVERSION = YES;
				CLANG_WARN_OBJC_ROOT_CLASS = YES_ERROR;
				CLANG_WARN_QUOTED_INCLUDE_IN_FRAMEWORK_HEADER = YES;
				CLANG_WARN_RANGE_LOOP_ANALYSIS = YES;
				CLANG_WARN_STRICT_PROTOTYPES = YES;
				CLANG_WARN_SUSPICIOUS_MOVE = YES;
				CLANG_WARN_UNGUARDED_AVAILABILITY = YES_AGGRESSIVE;
				CLANG_WARN_UNREACHABLE_CODE = YES;
				CLANG_WARN__DUPLICATE_METHOD_MATCH = YES;
				COPY_PHASE_STRIP = NO;
				DEBUG_INFORMATION_FORMAT = "dwarf-with-dsym";
				ENABLE_NS_ASSERTIONS = NO;
				ENABLE_STRICT_OBJC_MSGSEND = YES;
				GCC_C_LANGUAGE_STANDARD = gnu11;
				GCC_NO_COMMON_BLOCKS = YES;
				GCC_WARN_64_TO_32_BIT_CONVERSION = YES;
				GCC_WARN_ABOUT_RETURN_TYPE = YES_ERROR;
				GCC_WARN_UNDECLARED_SELECTOR = YES;
				GCC_WARN_UNINITIALIZED_AUTOS = YES_AGGRESSIVE;
				GCC_WARN_UNUSED_FUNCTION = YES;
				GCC_WARN_UNUSED_VARIABLE = YES;
				IPHONEOS_DEPLOYMENT_TARGET = 15.4;
				MTL_ENABLE_DEBUG_INFO = NO;
				MTL_FAST_MATH = YES;
				SDKROOT = iphoneos;
				SWIFT_COMPILATION_MODE = wholemodule;
				SWIFT_OPTIMIZATION_LEVEL = "-O";
				VALIDATE_PRODUCT = YES;
			};
			name = Release;
		};
		B1B6FFBA282EA27200FC83EE /* Debug */ = {
			isa = XCBuildConfiguration;
			baseConfigurationReference = 74BE63A13F3D032FD5ABC4E3 /* Pods-PhotoGallary.debug.xcconfig */;
			buildSettings = {
				ASSETCATALOG_COMPILER_APPICON_NAME = AppIcon;
				ASSETCATALOG_COMPILER_GLOBAL_ACCENT_COLOR_NAME = AccentColor;
				CODE_SIGN_STYLE = Automatic;
				CURRENT_PROJECT_VERSION = 1;
				DEVELOPMENT_TEAM = 24U8QL9C7U;
				GENERATE_INFOPLIST_FILE = YES;
				INFOPLIST_FILE = PhotoGallary/Info.plist;
				INFOPLIST_KEY_UIApplicationSupportsIndirectInputEvents = YES;
				INFOPLIST_KEY_UILaunchStoryboardName = LaunchScreen;
				INFOPLIST_KEY_UISupportedInterfaceOrientations_iPad = "UIInterfaceOrientationPortrait UIInterfaceOrientationPortraitUpsideDown UIInterfaceOrientationLandscapeLeft UIInterfaceOrientationLandscapeRight";
				INFOPLIST_KEY_UISupportedInterfaceOrientations_iPhone = "UIInterfaceOrientationPortrait UIInterfaceOrientationLandscapeLeft UIInterfaceOrientationLandscapeRight";
				LD_RUNPATH_SEARCH_PATHS = (
					"$(inherited)",
					"@executable_path/Frameworks",
				);
				MARKETING_VERSION = 1.0;
				PRODUCT_BUNDLE_IDENTIFIER = georgijrybak.PhotoGallary;
				PRODUCT_NAME = "$(TARGET_NAME)";
				SWIFT_EMIT_LOC_STRINGS = YES;
				SWIFT_VERSION = 5.0;
				TARGETED_DEVICE_FAMILY = "1,2";
			};
			name = Debug;
		};
		B1B6FFBB282EA27200FC83EE /* Release */ = {
			isa = XCBuildConfiguration;
			baseConfigurationReference = 57322954561101B267E9EDC8 /* Pods-PhotoGallary.release.xcconfig */;
			buildSettings = {
				ASSETCATALOG_COMPILER_APPICON_NAME = AppIcon;
				ASSETCATALOG_COMPILER_GLOBAL_ACCENT_COLOR_NAME = AccentColor;
				CODE_SIGN_STYLE = Automatic;
				CURRENT_PROJECT_VERSION = 1;
				DEVELOPMENT_TEAM = 24U8QL9C7U;
				GENERATE_INFOPLIST_FILE = YES;
				INFOPLIST_FILE = PhotoGallary/Info.plist;
				INFOPLIST_KEY_UIApplicationSupportsIndirectInputEvents = YES;
				INFOPLIST_KEY_UILaunchStoryboardName = LaunchScreen;
				INFOPLIST_KEY_UISupportedInterfaceOrientations_iPad = "UIInterfaceOrientationPortrait UIInterfaceOrientationPortraitUpsideDown UIInterfaceOrientationLandscapeLeft UIInterfaceOrientationLandscapeRight";
				INFOPLIST_KEY_UISupportedInterfaceOrientations_iPhone = "UIInterfaceOrientationPortrait UIInterfaceOrientationLandscapeLeft UIInterfaceOrientationLandscapeRight";
				LD_RUNPATH_SEARCH_PATHS = (
					"$(inherited)",
					"@executable_path/Frameworks",
				);
				MARKETING_VERSION = 1.0;
				PRODUCT_BUNDLE_IDENTIFIER = georgijrybak.PhotoGallary;
				PRODUCT_NAME = "$(TARGET_NAME)";
				SWIFT_EMIT_LOC_STRINGS = YES;
				SWIFT_VERSION = 5.0;
				TARGETED_DEVICE_FAMILY = "1,2";
			};
			name = Release;
		};
/* End XCBuildConfiguration section */

/* Begin XCConfigurationList section */
		B1B6FFA0282EA26F00FC83EE /* Build configuration list for PBXProject "PhotoGallary" */ = {
			isa = XCConfigurationList;
			buildConfigurations = (
				B1B6FFB7282EA27200FC83EE /* Debug */,
				B1B6FFB8282EA27200FC83EE /* Release */,
			);
			defaultConfigurationIsVisible = 0;
			defaultConfigurationName = Release;
		};
		B1B6FFB9282EA27200FC83EE /* Build configuration list for PBXNativeTarget "PhotoGallary" */ = {
			isa = XCConfigurationList;
			buildConfigurations = (
				B1B6FFBA282EA27200FC83EE /* Debug */,
				B1B6FFBB282EA27200FC83EE /* Release */,
			);
			defaultConfigurationIsVisible = 0;
			defaultConfigurationName = Release;
		};
/* End XCConfigurationList section */
	};
	rootObject = B1B6FF9D282EA26F00FC83EE /* Project object */;
}
